
Microsoft Visual Studio Solution File, Format Version 12.00
# Visual Studio 15
VisualStudioVersion = 15.0.28307.271
MinimumVisualStudioVersion = 10.0.40219.1
Project("{FAE04EC0-301F-11D3-BF4B-00C04F79EFBC}") = "Test", "Test\Test.csproj", "{FEF2CDE1-AB67-4DB1-A91D-B0C06EB06F1A}"
EndProject
Global
	GlobalSection(SolutionConfigurationPlatforms) = preSolution
		Debug|Any CPU = Debug|Any CPU
		Release|Any CPU = Release|Any CPU
	EndGlobalSection
	GlobalSection(ProjectConfigurationPlatforms) = postSolution
		{FEF2CDE1-AB67-4DB1-A91D-B0C06EB06F1A}.Debug|Any CPU.ActiveCfg = Debug|Any CPU
		{FEF2CDE1-AB67-4DB1-A91D-B0C06EB06F1A}.Debug|Any CPU.Build.0 = Debug|Any CPU
		{FEF2CDE1-AB67-4DB1-A91D-B0C06EB06F1A}.Release|Any CPU.ActiveCfg = Release|Any CPU
		{FEF2CDE1-AB67-4DB1-A91D-B0C06EB06F1A}.Release|Any CPU.Build.0 = Release|Any CPU
	EndGlobalSection
	GlobalSection(SolutionProperties) = preSolution
		HideSolutionNode = FALSE
	EndGlobalSection
	GlobalSection(ExtensibilityGlobals) = postSolution
		SolutionGuid = {E2BB1EAA-1813-49F1-A91A-F7B89C23F261}
	EndGlobalSection
EndGlobal
