
Microsoft Visual Studio Solution File, Format Version 12.00
# Visual Studio 15
VisualStudioVersion = 15.0.28307.271
MinimumVisualStudioVersion = 10.0.40219.1
Project("{FAE04EC0-301F-11D3-BF4B-00C04F79EFBC}") = "MAF", "MAF\MAF.csproj", "{0001F300-C877-4EB8-B9A7-CF7F47D5B5FE}"
EndProject
Project("{FAE04EC0-301F-11D3-BF4B-00C04F79EFBC}") = "Test", "Test\Test\Test.csproj", "{FEF2CDE1-AB67-4DB1-A91D-B0C06EB06F1A}"
	ProjectSection(ProjectDependencies) = postProject
		{0001F300-C877-4EB8-B9A7-CF7F47D5B5FE} = {0001F300-C877-4EB8-B9A7-CF7F47D5B5FE}
	EndProjectSection
EndProject
Project("{2150E333-8FDC-42A3-9474-1A3956D46DE8}") = "Solution Items", "Solution Items", "{3BD4A02B-A5E0-4B1B-8825-2B8A0DA15A40}"
	ProjectSection(SolutionItems) = preProject
		README.md = README.md
	EndProjectSection
EndProject
Global
	GlobalSection(SolutionConfigurationPlatforms) = preSolution
		Debug|Any CPU = Debug|Any CPU
		Release|Any CPU = Release|Any CPU
	EndGlobalSection
	GlobalSection(ProjectConfigurationPlatforms) = postSolution
		{0001F300-C877-4EB8-B9A7-CF7F47D5B5FE}.Debug|Any CPU.ActiveCfg = Debug|Any CPU
		{0001F300-C877-4EB8-B9A7-CF7F47D5B5FE}.Debug|Any CPU.Build.0 = Debug|Any CPU
		{0001F300-C877-4EB8-B9A7-CF7F47D5B5FE}.Release|Any CPU.ActiveCfg = Release|Any CPU
		{0001F300-C877-4EB8-B9A7-CF7F47D5B5FE}.Release|Any CPU.Build.0 = Release|Any CPU
		{FEF2CDE1-AB67-4DB1-A91D-B0C06EB06F1A}.Debug|Any CPU.ActiveCfg = Debug|Any CPU
		{FEF2CDE1-AB67-4DB1-A91D-B0C06EB06F1A}.Debug|Any CPU.Build.0 = Debug|Any CPU
		{FEF2CDE1-AB67-4DB1-A91D-B0C06EB06F1A}.Release|Any CPU.ActiveCfg = Release|Any CPU
		{FEF2CDE1-AB67-4DB1-A91D-B0C06EB06F1A}.Release|Any CPU.Build.0 = Release|Any CPU
	EndGlobalSection
	GlobalSection(SolutionProperties) = preSolution
		HideSolutionNode = FALSE
	EndGlobalSection
	GlobalSection(ExtensibilityGlobals) = postSolution
		SolutionGuid = {058CD1B0-C600-4193-913C-EC3B609DE6DD}
	EndGlobalSection
EndGlobal
